
Microsoft Visual Studio Solution File, Format Version 12.00
# Visual Studio Version 17
VisualStudioVersion = 17.1.32421.90
MinimumVisualStudioVersion = 10.0.40219.1
Project("{9A19103F-16F7-4668-BE54-9A1E7A4F7556}") = "WinFormsApp_First", "WinFormsApp_First\WinFormsApp_First.csproj", "{8FB7D5C8-BCB2-42B3-9A4B-4C5A9D6F4CE3}"
EndProject
Project("{9A19103F-16F7-4668-BE54-9A1E7A4F7556}") = "WinFormCoreLIb", "WinFormCoreLIb\WinFormCoreLIb.csproj", "{050AB5B4-62D4-4534-83F4-AB605F630128}"
EndProject
Project("{FAE04EC0-301F-11D3-BF4B-00C04F79EFBC}") = "DBWorker", "DBWorker\DBWorker.csproj", "{09D94AFC-08B3-4ABE-9A54-1D0B6209663D}"
EndProject
Global
	GlobalSection(SolutionConfigurationPlatforms) = preSolution
		Debug|Any CPU = Debug|Any CPU
		Release|Any CPU = Release|Any CPU
	EndGlobalSection
	GlobalSection(ProjectConfigurationPlatforms) = postSolution
		{8FB7D5C8-BCB2-42B3-9A4B-4C5A9D6F4CE3}.Debug|Any CPU.ActiveCfg = Debug|Any CPU
		{8FB7D5C8-BCB2-42B3-9A4B-4C5A9D6F4CE3}.Debug|Any CPU.Build.0 = Debug|Any CPU
		{8FB7D5C8-BCB2-42B3-9A4B-4C5A9D6F4CE3}.Release|Any CPU.ActiveCfg = Release|Any CPU
		{8FB7D5C8-BCB2-42B3-9A4B-4C5A9D6F4CE3}.Release|Any CPU.Build.0 = Release|Any CPU
		{050AB5B4-62D4-4534-83F4-AB605F630128}.Debug|Any CPU.ActiveCfg = Debug|Any CPU
		{050AB5B4-62D4-4534-83F4-AB605F630128}.Debug|Any CPU.Build.0 = Debug|Any CPU
		{050AB5B4-62D4-4534-83F4-AB605F630128}.Release|Any CPU.ActiveCfg = Release|Any CPU
		{050AB5B4-62D4-4534-83F4-AB605F630128}.Release|Any CPU.Build.0 = Release|Any CPU
		{09D94AFC-08B3-4ABE-9A54-1D0B6209663D}.Debug|Any CPU.ActiveCfg = Debug|Any CPU
		{09D94AFC-08B3-4ABE-9A54-1D0B6209663D}.Debug|Any CPU.Build.0 = Debug|Any CPU
		{09D94AFC-08B3-4ABE-9A54-1D0B6209663D}.Release|Any CPU.ActiveCfg = Release|Any CPU
		{09D94AFC-08B3-4ABE-9A54-1D0B6209663D}.Release|Any CPU.Build.0 = Release|Any CPU
	EndGlobalSection
	GlobalSection(SolutionProperties) = preSolution
		HideSolutionNode = FALSE
	EndGlobalSection
	GlobalSection(ExtensibilityGlobals) = postSolution
		SolutionGuid = {3E15B71E-B287-4811-A615-9773D6654892}
	EndGlobalSection
EndGlobal
